
Microsoft Visual Studio Solution File, Format Version 12.00
# Visual Studio 15
VisualStudioVersion = 15.0.27428.2005
MinimumVisualStudioVersion = 10.0.40219.1
Project("{FAE04EC0-301F-11D3-BF4B-00C04F79EFBC}") = "SimpleMarginTool", "SimpleMarginTool\SimpleMarginTool.csproj", "{BDA35A51-4D16-4A10-8E49-148DEBDC4002}"
EndProject
Project("{FAE04EC0-301F-11D3-BF4B-00C04F79EFBC}") = "Library", "Library\Library.csproj", "{2AEA6BD4-E8CE-4814-8406-5FCA14FA991C}"
EndProject
Global
	GlobalSection(SolutionConfigurationPlatforms) = preSolution
		Debug|Any CPU = Debug|Any CPU
		Release|Any CPU = Release|Any CPU
	EndGlobalSection
	GlobalSection(ProjectConfigurationPlatforms) = postSolution
		{BDA35A51-4D16-4A10-8E49-148DEBDC4002}.Debug|Any CPU.ActiveCfg = Debug|Any CPU
		{BDA35A51-4D16-4A10-8E49-148DEBDC4002}.Debug|Any CPU.Build.0 = Debug|Any CPU
		{BDA35A51-4D16-4A10-8E49-148DEBDC4002}.Release|Any CPU.ActiveCfg = Release|Any CPU
		{BDA35A51-4D16-4A10-8E49-148DEBDC4002}.Release|Any CPU.Build.0 = Release|Any CPU
		{2AEA6BD4-E8CE-4814-8406-5FCA14FA991C}.Debug|Any CPU.ActiveCfg = Debug|Any CPU
		{2AEA6BD4-E8CE-4814-8406-5FCA14FA991C}.Debug|Any CPU.Build.0 = Debug|Any CPU
		{2AEA6BD4-E8CE-4814-8406-5FCA14FA991C}.Release|Any CPU.ActiveCfg = Release|Any CPU
		{2AEA6BD4-E8CE-4814-8406-5FCA14FA991C}.Release|Any CPU.Build.0 = Release|Any CPU
	EndGlobalSection
	GlobalSection(SolutionProperties) = preSolution
		HideSolutionNode = FALSE
	EndGlobalSection
	GlobalSection(ExtensibilityGlobals) = postSolution
		SolutionGuid = {D2AD7966-85D3-4472-839D-78ED8E428ABE}
	EndGlobalSection
EndGlobal
